
Microsoft Visual Studio Solution File, Format Version 12.00
# Visual Studio Version 17
VisualStudioVersion = 17.7.34031.279
MinimumVisualStudioVersion = 10.0.40219.1
Project("{9A19103F-16F7-4668-BE54-9A1E7A4F7556}") = "RandoPlate", "RandoPlate.csproj", "{35951949-CA6D-4EB3-BDFE-0A6D3C8DD870}"
EndProject
Global
	GlobalSection(SolutionConfigurationPlatforms) = preSolution
		Debug|Any CPU = Debug|Any CPU
		Debug|x86 = Debug|x86
		Release|Any CPU = Release|Any CPU
		Release|x86 = Release|x86
	EndGlobalSection
	GlobalSection(ProjectConfigurationPlatforms) = postSolution
		{35951949-CA6D-4EB3-BDFE-0A6D3C8DD870}.Debug|Any CPU.ActiveCfg = Debug|Any CPU
		{35951949-CA6D-4EB3-BDFE-0A6D3C8DD870}.Debug|Any CPU.Build.0 = Debug|Any CPU
		{35951949-CA6D-4EB3-BDFE-0A6D3C8DD870}.Debug|x86.ActiveCfg = Debug|Any CPU
		{35951949-CA6D-4EB3-BDFE-0A6D3C8DD870}.Debug|x86.Build.0 = Debug|Any CPU
		{35951949-CA6D-4EB3-BDFE-0A6D3C8DD870}.Release|Any CPU.ActiveCfg = Release|Any CPU
		{35951949-CA6D-4EB3-BDFE-0A6D3C8DD870}.Release|Any CPU.Build.0 = Release|Any CPU
		{35951949-CA6D-4EB3-BDFE-0A6D3C8DD870}.Release|x86.ActiveCfg = Release|x86
		{35951949-CA6D-4EB3-BDFE-0A6D3C8DD870}.Release|x86.Build.0 = Release|x86
	EndGlobalSection
	GlobalSection(SolutionProperties) = preSolution
		HideSolutionNode = FALSE
	EndGlobalSection
	GlobalSection(ExtensibilityGlobals) = postSolution
		SolutionGuid = {C7B78A83-5D1A-460F-BBD0-467EA0B4BB63}
	EndGlobalSection
EndGlobal
